PODS:
  - Flutter (1.0.0)
  - geolocator_apple (1.2.0):
    - Flutter
  - isar_community_flutter_libs (1.0.0):
    - Flutter
  - permission_handler_apple (9.3.0):
    - Flutter
  - Protobuf (3.29.6)
  - reactive_ble_mobile (0.0.1):
    - Flutter
    - FlutterMacOS
    - Protobuf (~> 3.5)
    - SwiftProtobuf (~> 1.0)
  - SwiftProtobuf (1.38.0)

DEPENDENCIES:
  - Flutter (from `Flutter`)
  - geolocator_apple (from `.symlinks/plugins/geolocator_apple/ios`)
  - isar_community_flutter_libs (from `.symlinks/plugins/isar_community_flutter_libs/ios`)
  - permission_handler_apple (from `.symlinks/plugins/permission_handler_apple/ios`)
  - reactive_ble_mobile (from `.symlinks/plugins/reactive_ble_mobile/darwin`)

SPEC REPOS:
  trunk:
    - Protobuf
    - SwiftProtobuf

EXTERNAL SOURCES:
  Flutter:
    :path: Flutter
  geolocator_apple:
    :path: ".symlinks/plugins/geolocator_apple/ios"
  isar_community_flutter_libs:
    :path: ".symlinks/plugins/isar_community_flutter_libs/ios"
  permission_handler_apple:
    :path: ".symlinks/plugins/permission_handler_apple/ios"
  reactive_ble_mobile:
    :path: ".symlinks/plugins/reactive_ble_mobile/darwin"

SPEC CHECKSUMS:
  Flutter: cabc95a1d2626b1b06e7179b784ebcf0c0cde467
  geolocator_apple: 1560c3c875af2a412242c7a923e15d0d401966ff
  isar_community_flutter_libs: bede843185a61a05ff364a05c9b23209523f7e0d
  permission_handler_apple: 4ed2196e43d0651e8ff7ca3483a069d469701f2d
  Protobuf: 8d5596f7468be5400861a6bbfb2dfe9d0d1cde34
  reactive_ble_mobile: ea97709e18fa6f0b0592909725d7ae7e1c595b64
  SwiftProtobuf: d724b5145bfc609d9a49c1e3e3a3dabb07273ffb

PODFILE CHECKSUM: 75f6e4afcdba93524ae2339e61f8e65305aad959

COCOAPODS: 1.16.2
